
Microsoft Visual Studio Solution File, Format Version 12.00
# Visual Studio 15
VisualStudioVersion = 15.0.28306.52
MinimumVisualStudioVersion = 10.0.40219.1
Project("{FAE04EC0-301F-11D3-BF4B-00C04F79EFBC}") = "MyAppLib", "MyAppLib\MyAppLib.csproj", "{497DE19F-9874-461E-BE32-2FD81AE37A7E}"
EndProject
Global
	GlobalSection(SolutionConfigurationPlatforms) = preSolution
		Debug|Any CPU = Debug|Any CPU
		Release|Any CPU = Release|Any CPU
	EndGlobalSection
	GlobalSection(ProjectConfigurationPlatforms) = postSolution
		{497DE19F-9874-461E-BE32-2FD81AE37A7E}.Debug|Any CPU.ActiveCfg = Debug|Any CPU
		{497DE19F-9874-461E-BE32-2FD81AE37A7E}.Debug|Any CPU.Build.0 = Debug|Any CPU
		{497DE19F-9874-461E-BE32-2FD81AE37A7E}.Release|Any CPU.ActiveCfg = Release|Any CPU
		{497DE19F-9874-461E-BE32-2FD81AE37A7E}.Release|Any CPU.Build.0 = Release|Any CPU
	EndGlobalSection
	GlobalSection(SolutionProperties) = preSolution
		HideSolutionNode = FALSE
	EndGlobalSection
	GlobalSection(ExtensibilityGlobals) = postSolution
		SolutionGuid = {F3340507-7AC7-4143-A0DC-9399E2337A3D}
	EndGlobalSection
EndGlobal
